// !$*UTF8*$!
{
	archiveVersion = 1;
	classes = {
	};
	objectVersion = 50;
	objects = {

/* Begin PBXBuildFile section */
		D826572224DACB4300658C5B /* AppDelegate.swift in Sources */ = {isa = PBXBuildFile; fileRef = D826572124DACB4300658C5B /* AppDelegate.swift */; };
		D826572424DACB4300658C5B /* SceneDelegate.swift in Sources */ = {isa = PBXBuildFile; fileRef = D826572324DACB4300658C5B /* SceneDelegate.swift */; };
		D826572624DACB4300658C5B /* ViewController.swift in Sources */ = {isa = PBXBuildFile; fileRef = D826572524DACB4300658C5B /* ViewController.swift */; };
		D826572924DACB4300658C5B /* Main.storyboard in Resources */ = {isa = PBXBuildFile; fileRef = D826572724DACB4300658C5B /* Main.storyboard */; };
		D826572B24DACB5700658C5B /* Assets.xcassets in Resources */ = {isa = PBXBuildFile; fileRef = D826572A24DACB5700658C5B /* Assets.xcassets */; };
		D826572E24DACB5700658C5B /* LaunchScreen.storyboard in Resources */ = {isa = PBXBuildFile; fileRef = D826572C24DACB5700658C5B /* LaunchScreen.storyboard */; };
		D826573924DACB5800658C5B /* AbsaWeatherAppTests.swift in Sources */ = {isa = PBXBuildFile; fileRef = D826573824DACB5800658C5B /* AbsaWeatherAppTests.swift */; };
		D826574424DACB5800658C5B /* AbsaWeatherAppUITests.swift in Sources */ = {isa = PBXBuildFile; fileRef = D826574324DACB5800658C5B /* AbsaWeatherAppUITests.swift */; };
		D826575424DAE5FE00658C5B /* DailyTableViewCell.swift in Sources */ = {isa = PBXBuildFile; fileRef = D826575224DAE5FE00658C5B /* DailyTableViewCell.swift */; };
		D826575524DAE5FE00658C5B /* DailyTableViewCell.xib in Resources */ = {isa = PBXBuildFile; fileRef = D826575324DAE5FE00658C5B /* DailyTableViewCell.xib */; };
		D826575824DAE63F00658C5B /* DetailsTableViewCell.swift in Sources */ = {isa = PBXBuildFile; fileRef = D826575624DAE63F00658C5B /* DetailsTableViewCell.swift */; };
		D826575924DAE63F00658C5B /* DetailsTableViewCell.xib in Resources */ = {isa = PBXBuildFile; fileRef = D826575724DAE63F00658C5B /* DetailsTableViewCell.xib */; };
		D826575C24DB6A6800658C5B /* DataRetievalService.swift in Sources */ = {isa = PBXBuildFile; fileRef = D826575B24DB6A6800658C5B /* DataRetievalService.swift */; };
		D826577224DBD58600658C5B /* Coord.swift in Sources */ = {isa = PBXBuildFile; fileRef = D826576024DBD58400658C5B /* Coord.swift */; };
		D826577324DBD58600658C5B /* WeatherForecast.swift in Sources */ = {isa = PBXBuildFile; fileRef = D826576124DBD58400658C5B /* WeatherForecast.swift */; };
		D826577424DBD58600658C5B /* MainClass.swift in Sources */ = {isa = PBXBuildFile; fileRef = D826576224DBD58400658C5B /* MainClass.swift */; };
		D826577524DBD58600658C5B /* Sys.swift in Sources */ = {isa = PBXBuildFile; fileRef = D826576324DBD58400658C5B /* Sys.swift */; };
		D826577624DBD58600658C5B /* Description.swift in Sources */ = {isa = PBXBuildFile; fileRef = D826576424DBD58400658C5B /* Description.swift */; };
		D826577724DBD58600658C5B /* City.swift in Sources */ = {isa = PBXBuildFile; fileRef = D826576524DBD58400658C5B /* City.swift */; };
		D826577824DBD58600658C5B /* Weather.swift in Sources */ = {isa = PBXBuildFile; fileRef = D826576624DBD58400658C5B /* Weather.swift */; };
		D826577924DBD58600658C5B /* Wind.swift in Sources */ = {isa = PBXBuildFile; fileRef = D826576724DBD58400658C5B /* Wind.swift */; };
		D826577A24DBD58600658C5B /* WeatherFocustResponse.swift in Sources */ = {isa = PBXBuildFile; fileRef = D826576824DBD58400658C5B /* WeatherFocustResponse.swift */; };
		D826577B24DBD58600658C5B /* Main.swift in Sources */ = {isa = PBXBuildFile; fileRef = D826576924DBD58500658C5B /* Main.swift */; };
		D826577C24DBD58600658C5B /* Rain.swift in Sources */ = {isa = PBXBuildFile; fileRef = D826576A24DBD58500658C5B /* Rain.swift */; };
		D826577D24DBD58600658C5B /* Pod.swift in Sources */ = {isa = PBXBuildFile; fileRef = D826576B24DBD58500658C5B /* Pod.swift */; };
		D826577E24DBD58600658C5B /* MainEnum.swift in Sources */ = {isa = PBXBuildFile; fileRef = D826576C24DBD58500658C5B /* MainEnum.swift */; };
		D826577F24DBD58600658C5B /* Clouds.swift in Sources */ = {isa = PBXBuildFile; fileRef = D826576D24DBD58500658C5B /* Clouds.swift */; };
		D826578024DBD58600658C5B /* CurrentSys.swift in Sources */ = {isa = PBXBuildFile; fileRef = D826576E24DBD58500658C5B /* CurrentSys.swift */; };
		D826578124DBD58600658C5B /* ViewDataProperties.swift in Sources */ = {isa = PBXBuildFile; fileRef = D826576F24DBD58500658C5B /* ViewDataProperties.swift */; };
		D826578224DBD58600658C5B /* CurrentWeather.swift in Sources */ = {isa = PBXBuildFile; fileRef = D826577024DBD58500658C5B /* CurrentWeather.swift */; };
		D826578324DBD58600658C5B /* CurrentWeatherResponse.swift in Sources */ = {isa = PBXBuildFile; fileRef = D826577124DBD58500658C5B /* CurrentWeatherResponse.swift */; };
		D826578524DBD92B00658C5B /* ServiceResponseProtocol.swift in Sources */ = {isa = PBXBuildFile; fileRef = D826578424DBD92B00658C5B /* ServiceResponseProtocol.swift */; };
		D826578724DBDBF000658C5B /* Reachability.swift in Sources */ = {isa = PBXBuildFile; fileRef = D826578624DBDBF000658C5B /* Reachability.swift */; };
		D826578924DBE18700658C5B /* ConvertorService.swift in Sources */ = {isa = PBXBuildFile; fileRef = D826578824DBE18700658C5B /* ConvertorService.swift */; };
		D826579D24DC2A6A00658C5B /* 03d@2x.png in Resources */ = {isa = PBXBuildFile; fileRef = D826578B24DC2A6600658C5B /* 03d@2x.png */; };
		D826579E24DC2A6A00658C5B /* 11d@2x.png in Resources */ = {isa = PBXBuildFile; fileRef = D826578C24DC2A6700658C5B /* 11d@2x.png */; };
		D826579F24DC2A6A00658C5B /* 10d@2x.png in Resources */ = {isa = PBXBuildFile; fileRef = D826578D24DC2A6700658C5B /* 10d@2x.png */; };
		D82657A024DC2A6A00658C5B /* 13d@2x.png in Resources */ = {isa = PBXBuildFile; fileRef = D826578E24DC2A6700658C5B /* 13d@2x.png */; };
		D82657A124DC2A6A00658C5B /* 04n@2x.png in Resources */ = {isa = PBXBuildFile; fileRef = D826578F24DC2A6700658C5B /* 04n@2x.png */; };
		D82657A224DC2A6A00658C5B /* 01d@2x.png in Resources */ = {isa = PBXBuildFile; fileRef = D826579024DC2A6700658C5B /* 01d@2x.png */; };
		D82657A324DC2A6A00658C5B /* 11n@2x.png in Resources */ = {isa = PBXBuildFile; fileRef = D826579124DC2A6700658C5B /* 11n@2x.png */; };
		D82657A424DC2A6A00658C5B /* 50d@2x.png in Resources */ = {isa = PBXBuildFile; fileRef = D826579224DC2A6800658C5B /* 50d@2x.png */; };
		D82657A524DC2A6A00658C5B /* 04d@2x.png in Resources */ = {isa = PBXBuildFile; fileRef = D826579324DC2A6800658C5B /* 04d@2x.png */; };
		D82657A624DC2A6A00658C5B /* 03n@2x.png in Resources */ = {isa = PBXBuildFile; fileRef = D826579424DC2A6800658C5B /* 03n@2x.png */; };
		D82657A724DC2A6A00658C5B /* 50n@2x.png in Resources */ = {isa = PBXBuildFile; fileRef = D826579524DC2A6800658C5B /* 50n@2x.png */; };
		D82657A824DC2A6A00658C5B /* 01n@2x.png in Resources */ = {isa = PBXBuildFile; fileRef = D826579624DC2A6800658C5B /* 01n@2x.png */; };
		D82657A924DC2A6A00658C5B /* 09d@2x.png in Resources */ = {isa = PBXBuildFile; fileRef = D826579724DC2A6900658C5B /* 09d@2x.png */; };
		D82657AA24DC2A6A00658C5B /* 02n@2x.png in Resources */ = {isa = PBXBuildFile; fileRef = D826579824DC2A6900658C5B /* 02n@2x.png */; };
		D82657AB24DC2A6A00658C5B /* 13n@2x.png in Resources */ = {isa = PBXBuildFile; fileRef = D826579924DC2A6900658C5B /* 13n@2x.png */; };
		D82657AC24DC2A6A00658C5B /* 10n@2x.png in Resources */ = {isa = PBXBuildFile; fileRef = D826579A24DC2A6900658C5B /* 10n@2x.png */; };
		D82657AD24DC2A6A00658C5B /* 09n@2x.png in Resources */ = {isa = PBXBuildFile; fileRef = D826579B24DC2A6900658C5B /* 09n@2x.png */; };
		D82657AE24DC2A6A00658C5B /* 02d@2x.png in Resources */ = {isa = PBXBuildFile; fileRef = D826579C24DC2A6900658C5B /* 02d@2x.png */; };
		D82657B224DD365500658C5B /* DailyWeatherForecast.swift in Sources */ = {isa = PBXBuildFile; fileRef = D82657B124DD365400658C5B /* DailyWeatherForecast.swift */; };
/* End PBXBuildFile section */

/* Begin PBXContainerItemProxy section */
		D826573524DACB5800658C5B /* PBXContainerItemProxy */ = {
			isa = PBXContainerItemProxy;
			containerPortal = D826571624DACB4300658C5B /* Project object */;
			proxyType = 1;
			remoteGlobalIDString = D826571D24DACB4300658C5B;
			remoteInfo = AbsaWeatherApp;
		};
		D826574024DACB5800658C5B /* PBXContainerItemProxy */ = {
			isa = PBXContainerItemProxy;
			containerPortal = D826571624DACB4300658C5B /* Project object */;
			proxyType = 1;
			remoteGlobalIDString = D826571D24DACB4300658C5B;
			remoteInfo = AbsaWeatherApp;
		};
/* End PBXContainerItemProxy section */

/* Begin PBXFileReference section */
		D826571E24DACB4300658C5B /* AbsaWeatherApp.app */ = {isa = PBXFileReference; explicitFileType = wrapper.application; includeInIndex = 0; path = AbsaWeatherApp.app; sourceTree = BUILT_PRODUCTS_DIR; };
		D826572124DACB4300658C5B /* AppDelegate.swift */ = {isa = PBXFileReference; lastKnownFileType = sourcecode.swift; path = AppDelegate.swift; sourceTree = "<group>"; };
		D826572324DACB4300658C5B /* SceneDelegate.swift */ = {isa = PBXFileReference; lastKnownFileType = sourcecode.swift; path = SceneDelegate.swift; sourceTree = "<group>"; };
		D826572524DACB4300658C5B /* ViewController.swift */ = {isa = PBXFileReference; lastKnownFileType = sourcecode.swift; path = ViewController.swift; sourceTree = "<group>"; };
		D826572824DACB4300658C5B /* Base */ = {isa = PBXFileReference; lastKnownFileType = file.storyboard; name = Base; path = Base.lproj/Main.storyboard; sourceTree = "<group>"; };
		D826572A24DACB5700658C5B /* Assets.xcassets */ = {isa = PBXFileReference; lastKnownFileType = folder.assetcatalog; path = Assets.xcassets; sourceTree = "<group>"; };
		D826572D24DACB5700658C5B /* Base */ = {isa = PBXFileReference; lastKnownFileType = file.storyboard; name = Base; path = Base.lproj/LaunchScreen.storyboard; sourceTree = "<group>"; };
		D826572F24DACB5700658C5B /* Info.plist */ = {isa = PBXFileReference; lastKnownFileType = text.plist.xml; path = Info.plist; sourceTree = "<group>"; };
		D826573424DACB5800658C5B /* AbsaWeatherAppTests.xctest */ = {isa = PBXFileReference; explicitFileType = wrapper.cfbundle; includeInIndex = 0; path = AbsaWeatherAppTests.xctest; sourceTree = BUILT_PRODUCTS_DIR; };
		D826573824DACB5800658C5B /* AbsaWeatherAppTests.swift */ = {isa = PBXFileReference; lastKnownFileType = sourcecode.swift; path = AbsaWeatherAppTests.swift; sourceTree = "<group>"; };
		D826573A24DACB5800658C5B /* Info.plist */ = {isa = PBXFileReference; lastKnownFileType = text.plist.xml; path = Info.plist; sourceTree = "<group>"; };
		D826573F24DACB5800658C5B /* AbsaWeatherAppUITests.xctest */ = {isa = PBXFileReference; explicitFileType = wrapper.cfbundle; includeInIndex = 0; path = AbsaWeatherAppUITests.xctest; sourceTree = BUILT_PRODUCTS_DIR; };
		D826574324DACB5800658C5B /* AbsaWeatherAppUITests.swift */ = {isa = PBXFileReference; lastKnownFileType = sourcecode.swift; path = AbsaWeatherAppUITests.swift; sourceTree = "<group>"; };
		D826574524DACB5800658C5B /* Info.plist */ = {isa = PBXFileReference; lastKnownFileType = text.plist.xml; path = Info.plist; sourceTree = "<group>"; };
		D826575224DAE5FE00658C5B /* DailyTableViewCell.swift */ = {isa = PBXFileReference; lastKnownFileType = sourcecode.swift; path = DailyTableViewCell.swift; sourceTree = "<group>"; };
		D826575324DAE5FE00658C5B /* DailyTableViewCell.xib */ = {isa = PBXFileReference; lastKnownFileType = file.xib; path = DailyTableViewCell.xib; sourceTree = "<group>"; };
		D826575624DAE63F00658C5B /* DetailsTableViewCell.swift */ = {isa = PBXFileReference; lastKnownFileType = sourcecode.swift; path = DetailsTableViewCell.swift; sourceTree = "<group>"; };
		D826575724DAE63F00658C5B /* DetailsTableViewCell.xib */ = {isa = PBXFileReference; lastKnownFileType = file.xib; path = DetailsTableViewCell.xib; sourceTree = "<group>"; };
		D826575B24DB6A6800658C5B /* DataRetievalService.swift */ = {isa = PBXFileReference; lastKnownFileType = sourcecode.swift; path = DataRetievalService.swift; sourceTree = "<group>"; };
		D826576024DBD58400658C5B /* Coord.swift */ = {isa = PBXFileReference; fileEncoding = 4; lastKnownFileType = sourcecode.swift; path = Coord.swift; sourceTree = "<group>"; };
		D826576124DBD58400658C5B /* WeatherForecast.swift */ = {isa = PBXFileReference; fileEncoding = 4; lastKnownFileType = sourcecode.swift; path = WeatherForecast.swift; sourceTree = "<group>"; };
		D826576224DBD58400658C5B /* MainClass.swift */ = {isa = PBXFileReference; fileEncoding = 4; lastKnownFileType = sourcecode.swift; path = MainClass.swift; sourceTree = "<group>"; };
		D826576324DBD58400658C5B /* Sys.swift */ = {isa = PBXFileReference; fileEncoding = 4; lastKnownFileType = sourcecode.swift; path = Sys.swift; sourceTree = "<group>"; };
		D826576424DBD58400658C5B /* Description.swift */ = {isa = PBXFileReference; fileEncoding = 4; lastKnownFileType = sourcecode.swift; path = Description.swift; sourceTree = "<group>"; };
		D826576524DBD58400658C5B /* City.swift */ = {isa = PBXFileReference; fileEncoding = 4; lastKnownFileType = sourcecode.swift; path = City.swift; sourceTree = "<group>"; };
		D826576624DBD58400658C5B /* Weather.swift */ = {isa = PBXFileReference; fileEncoding = 4; lastKnownFileType = sourcecode.swift; path = Weather.swift; sourceTree = "<group>"; };
		D826576724DBD58400658C5B /* Wind.swift */ = {isa = PBXFileReference; fileEncoding = 4; lastKnownFileType = sourcecode.swift; path = Wind.swift; sourceTree = "<group>"; };
		D826576824DBD58400658C5B /* WeatherFocustResponse.swift */ = {isa = PBXFileReference; fileEncoding = 4; lastKnownFileType = sourcecode.swift; path = WeatherFocustResponse.swift; sourceTree = "<group>"; };
		D826576924DBD58500658C5B /* Main.swift */ = {isa = PBXFileReference; fileEncoding = 4; lastKnownFileType = sourcecode.swift; path = Main.swift; sourceTree = "<group>"; };
		D826576A24DBD58500658C5B /* Rain.swift */ = {isa = PBXFileReference; fileEncoding = 4; lastKnownFileType = sourcecode.swift; path = Rain.swift; sourceTree = "<group>"; };
		D826576B24DBD58500658C5B /* Pod.swift */ = {isa = PBXFileReference; fileEncoding = 4; lastKnownFileType = sourcecode.swift; path = Pod.swift; sourceTree = "<group>"; };
		D826576C24DBD58500658C5B /* MainEnum.swift */ = {isa = PBXFileReference; fileEncoding = 4; lastKnownFileType = sourcecode.swift; path = MainEnum.swift; sourceTree = "<group>"; };
		D826576D24DBD58500658C5B /* Clouds.swift */ = {isa = PBXFileReference; fileEncoding = 4; lastKnownFileType = sourcecode.swift; path = Clouds.swift; sourceTree = "<group>"; };
		D826576E24DBD58500658C5B /* CurrentSys.swift */ = {isa = PBXFileReference; fileEncoding = 4; lastKnownFileType = sourcecode.swift; path = CurrentSys.swift; sourceTree = "<group>"; };
		D826576F24DBD58500658C5B /* ViewDataProperties.swift */ = {isa = PBXFileReference; fileEncoding = 4; lastKnownFileType = sourcecode.swift; path = ViewDataProperties.swift; sourceTree = "<group>"; };
		D826577024DBD58500658C5B /* CurrentWeather.swift */ = {isa = PBXFileReference; fileEncoding = 4; lastKnownFileType = sourcecode.swift; path = CurrentWeather.swift; sourceTree = "<group>"; };
		D826577124DBD58500658C5B /* CurrentWeatherResponse.swift */ = {isa = PBXFileReference; fileEncoding = 4; lastKnownFileType = sourcecode.swift; path = CurrentWeatherResponse.swift; sourceTree = "<group>"; };
		D826578424DBD92B00658C5B /* ServiceResponseProtocol.swift */ = {isa = PBXFileReference; lastKnownFileType = sourcecode.swift; path = ServiceResponseProtocol.swift; sourceTree = "<group>"; };
		D826578624DBDBF000658C5B /* Reachability.swift */ = {isa = PBXFileReference; fileEncoding = 4; lastKnownFileType = sourcecode.swift; path = Reachability.swift; sourceTree = "<group>"; };
		D826578824DBE18700658C5B /* ConvertorService.swift */ = {isa = PBXFileReference; fileEncoding = 4; lastKnownFileType = sourcecode.swift; path = ConvertorService.swift; sourceTree = "<group>"; };
		D826578B24DC2A6600658C5B /* 03d@2x.png */ = {isa = PBXFileReference; lastKnownFileType = image.png; path = "03d@2x.png"; sourceTree = "<group>"; };
		D826578C24DC2A6700658C5B /* 11d@2x.png */ = {isa = PBXFileReference; lastKnownFileType = image.png; path = "11d@2x.png"; sourceTree = "<group>"; };
		D826578D24DC2A6700658C5B /* 10d@2x.png */ = {isa = PBXFileReference; lastKnownFileType = image.png; path = "10d@2x.png"; sourceTree = "<group>"; };
		D826578E24DC2A6700658C5B /* 13d@2x.png */ = {isa = PBXFileReference; lastKnownFileType = image.png; path = "13d@2x.png"; sourceTree = "<group>"; };
		D826578F24DC2A6700658C5B /* 04n@2x.png */ = {isa = PBXFileReference; lastKnownFileType = image.png; path = "04n@2x.png"; sourceTree = "<group>"; };
		D826579024DC2A6700658C5B /* 01d@2x.png */ = {isa = PBXFileReference; lastKnownFileType = image.png; path = "01d@2x.png"; sourceTree = "<group>"; };
		D826579124DC2A6700658C5B /* 11n@2x.png */ = {isa = PBXFileReference; lastKnownFileType = image.png; path = "11n@2x.png"; sourceTree = "<group>"; };
		D826579224DC2A6800658C5B /* 50d@2x.png */ = {isa = PBXFileReference; lastKnownFileType = image.png; path = "50d@2x.png"; sourceTree = "<group>"; };
		D826579324DC2A6800658C5B /* 04d@2x.png */ = {isa = PBXFileReference; lastKnownFileType = image.png; path = "04d@2x.png"; sourceTree = "<group>"; };
		D826579424DC2A6800658C5B /* 03n@2x.png */ = {isa = PBXFileReference; lastKnownFileType = image.png; path = "03n@2x.png"; sourceTree = "<group>"; };
		D826579524DC2A6800658C5B /* 50n@2x.png */ = {isa = PBXFileReference; lastKnownFileType = image.png; path = "50n@2x.png"; sourceTree = "<group>"; };
		D826579624DC2A6800658C5B /* 01n@2x.png */ = {isa = PBXFileReference; lastKnownFileType = image.png; path = "01n@2x.png"; sourceTree = "<group>"; };
		D826579724DC2A6900658C5B /* 09d@2x.png */ = {isa = PBXFileReference; lastKnownFileType = image.png; path = "09d@2x.png"; sourceTree = "<group>"; };
		D826579824DC2A6900658C5B /* 02n@2x.png */ = {isa = PBXFileReference; lastKnownFileType = image.png; path = "02n@2x.png"; sourceTree = "<group>"; };
		D826579924DC2A6900658C5B /* 13n@2x.png */ = {isa = PBXFileReference; lastKnownFileType = image.png; path = "13n@2x.png"; sourceTree = "<group>"; };
		D826579A24DC2A6900658C5B /* 10n@2x.png */ = {isa = PBXFileReference; lastKnownFileType = image.png; path = "10n@2x.png"; sourceTree = "<group>"; };
		D826579B24DC2A6900658C5B /* 09n@2x.png */ = {isa = PBXFileReference; lastKnownFileType = image.png; path = "09n@2x.png"; sourceTree = "<group>"; };
		D826579C24DC2A6900658C5B /* 02d@2x.png */ = {isa = PBXFileReference; lastKnownFileType = image.png; path = "02d@2x.png"; sourceTree = "<group>"; };
		D82657B124DD365400658C5B /* DailyWeatherForecast.swift */ = {isa = PBXFileReference; lastKnownFileType = sourcecode.swift; path = DailyWeatherForecast.swift; sourceTree = "<group>"; };
/* End PBXFileReference section */

/* Begin PBXFrameworksBuildPhase section */
		D826571B24DACB4300658C5B /* Frameworks */ = {
			isa = PBXFrameworksBuildPhase;
			buildActionMask = 2147483647;
			files = (
			);
			runOnlyForDeploymentPostprocessing = 0;
		};
		D826573124DACB5800658C5B /* Frameworks */ = {
			isa = PBXFrameworksBuildPhase;
			buildActionMask = 2147483647;
			files = (
			);
			runOnlyForDeploymentPostprocessing = 0;
		};
		D826573C24DACB5800658C5B /* Frameworks */ = {
			isa = PBXFrameworksBuildPhase;
			buildActionMask = 2147483647;
			files = (
			);
			runOnlyForDeploymentPostprocessing = 0;
		};
/* End PBXFrameworksBuildPhase section */

/* Begin PBXGroup section */
		D826571524DACB4300658C5B = {
			isa = PBXGroup;
			children = (
				D826572024DACB4300658C5B /* AbsaWeatherApp */,
				D826573724DACB5800658C5B /* AbsaWeatherAppTests */,
				D826574224DACB5800658C5B /* AbsaWeatherAppUITests */,
				D826571F24DACB4300658C5B /* Products */,
			);
			sourceTree = "<group>";
		};
		D826571F24DACB4300658C5B /* Products */ = {
			isa = PBXGroup;
			children = (
				D826571E24DACB4300658C5B /* AbsaWeatherApp.app */,
				D826573424DACB5800658C5B /* AbsaWeatherAppTests.xctest */,
				D826573F24DACB5800658C5B /* AbsaWeatherAppUITests.xctest */,
			);
			name = Products;
			sourceTree = "<group>";
		};
		D826572024DACB4300658C5B /* AbsaWeatherApp */ = {
			isa = PBXGroup;
			children = (
				D826578A24DC2A3500658C5B /* Icons */,
				D826575F24DBD51700658C5B /* Models */,
				D826575A24DB698800658C5B /* Services */,
				D826575124DAE58C00658C5B /* Cells */,
				D826572124DACB4300658C5B /* AppDelegate.swift */,
				D826572324DACB4300658C5B /* SceneDelegate.swift */,
				D826572524DACB4300658C5B /* ViewController.swift */,
				D826572724DACB4300658C5B /* Main.storyboard */,
				D826572A24DACB5700658C5B /* Assets.xcassets */,
				D826572C24DACB5700658C5B /* LaunchScreen.storyboard */,
				D826572F24DACB5700658C5B /* Info.plist */,
			);
			path = AbsaWeatherApp;
			sourceTree = "<group>";
		};
		D826573724DACB5800658C5B /* AbsaWeatherAppTests */ = {
			isa = PBXGroup;
			children = (
				D826573824DACB5800658C5B /* AbsaWeatherAppTests.swift */,
				D826573A24DACB5800658C5B /* Info.plist */,
			);
			path = AbsaWeatherAppTests;
			sourceTree = "<group>";
		};
		D826574224DACB5800658C5B /* AbsaWeatherAppUITests */ = {
			isa = PBXGroup;
			children = (
				D826574324DACB5800658C5B /* AbsaWeatherAppUITests.swift */,
				D826574524DACB5800658C5B /* Info.plist */,
			);
			path = AbsaWeatherAppUITests;
			sourceTree = "<group>";
		};
		D826575124DAE58C00658C5B /* Cells */ = {
			isa = PBXGroup;
			children = (
				D826575224DAE5FE00658C5B /* DailyTableViewCell.swift */,
				D826575324DAE5FE00658C5B /* DailyTableViewCell.xib */,
				D826575624DAE63F00658C5B /* DetailsTableViewCell.swift */,
				D826575724DAE63F00658C5B /* DetailsTableViewCell.xib */,
			);
			path = Cells;
			sourceTree = "<group>";
		};
		D826575A24DB698800658C5B /* Services */ = {
			isa = PBXGroup;
			children = (
				D826578824DBE18700658C5B /* ConvertorService.swift */,
				D826578624DBDBF000658C5B /* Reachability.swift */,
				D826575B24DB6A6800658C5B /* DataRetievalService.swift */,
				D826578424DBD92B00658C5B /* ServiceResponseProtocol.swift */,
			);
			path = Services;
			sourceTree = "<group>";
		};
		D826575F24DBD51700658C5B /* Models */ = {
			isa = PBXGroup;
			children = (
				D826576524DBD58400658C5B /* City.swift */,
				D826576D24DBD58500658C5B /* Clouds.swift */,
				D826576024DBD58400658C5B /* Coord.swift */,
				D826576E24DBD58500658C5B /* CurrentSys.swift */,
				D826577024DBD58500658C5B /* CurrentWeather.swift */,
				D826577124DBD58500658C5B /* CurrentWeatherResponse.swift */,
				D826576424DBD58400658C5B /* Description.swift */,
				D826576924DBD58500658C5B /* Main.swift */,
				D826576224DBD58400658C5B /* MainClass.swift */,
				D826576C24DBD58500658C5B /* MainEnum.swift */,
				D826576B24DBD58500658C5B /* Pod.swift */,
				D826576A24DBD58500658C5B /* Rain.swift */,
				D826576324DBD58400658C5B /* Sys.swift */,
				D826576F24DBD58500658C5B /* ViewDataProperties.swift */,
				D826576624DBD58400658C5B /* Weather.swift */,
				D826576824DBD58400658C5B /* WeatherFocustResponse.swift */,
				D826576124DBD58400658C5B /* WeatherForecast.swift */,
				D826576724DBD58400658C5B /* Wind.swift */,
				D82657B124DD365400658C5B /* DailyWeatherForecast.swift */,
			);
			path = Models;
			sourceTree = "<group>";
		};
		D826578A24DC2A3500658C5B /* Icons */ = {
			isa = PBXGroup;
			children = (
				D826579024DC2A6700658C5B /* 01d@2x.png */,
				D826579624DC2A6800658C5B /* 01n@2x.png */,
				D826579C24DC2A6900658C5B /* 02d@2x.png */,
				D826579824DC2A6900658C5B /* 02n@2x.png */,
				D826578B24DC2A6600658C5B /* 03d@2x.png */,
				D826579424DC2A6800658C5B /* 03n@2x.png */,
				D826579324DC2A6800658C5B /* 04d@2x.png */,
				D826578F24DC2A6700658C5B /* 04n@2x.png */,
				D826579724DC2A6900658C5B /* 09d@2x.png */,
				D826579B24DC2A6900658C5B /* 09n@2x.png */,
				D826578D24DC2A6700658C5B /* 10d@2x.png */,
				D826579A24DC2A6900658C5B /* 10n@2x.png */,
				D826578C24DC2A6700658C5B /* 11d@2x.png */,
				D826579124DC2A6700658C5B /* 11n@2x.png */,
				D826578E24DC2A6700658C5B /* 13d@2x.png */,
				D826579924DC2A6900658C5B /* 13n@2x.png */,
				D826579224DC2A6800658C5B /* 50d@2x.png */,
				D826579524DC2A6800658C5B /* 50n@2x.png */,
			);
			path = Icons;
			sourceTree = "<group>";
		};
/* End PBXGroup section */

/* Begin PBXNativeTarget section */
		D826571D24DACB4300658C5B /* AbsaWeatherApp */ = {
			isa = PBXNativeTarget;
			buildConfigurationList = D826574824DACB5800658C5B /* Build configuration list for PBXNativeTarget "AbsaWeatherApp" */;
			buildPhases = (
				D826571A24DACB4300658C5B /* Sources */,
				D826571B24DACB4300658C5B /* Frameworks */,
				D826571C24DACB4300658C5B /* Resources */,
			);
			buildRules = (
			);
			dependencies = (
			);
			name = AbsaWeatherApp;
			productName = AbsaWeatherApp;
			productReference = D826571E24DACB4300658C5B /* AbsaWeatherApp.app */;
			productType = "com.apple.product-type.application";
		};
		D826573324DACB5800658C5B /* AbsaWeatherAppTests */ = {
			isa = PBXNativeTarget;
			buildConfigurationList = D826574B24DACB5800658C5B /* Build configuration list for PBXNativeTarget "AbsaWeatherAppTests" */;
			buildPhases = (
				D826573024DACB5800658C5B /* Sources */,
				D826573124DACB5800658C5B /* Frameworks */,
				D826573224DACB5800658C5B /* Resources */,
			);
			buildRules = (
			);
			dependencies = (
				D826573624DACB5800658C5B /* PBXTargetDependency */,
			);
			name = AbsaWeatherAppTests;
			productName = AbsaWeatherAppTests;
			productReference = D826573424DACB5800658C5B /* AbsaWeatherAppTests.xctest */;
			productType = "com.apple.product-type.bundle.unit-test";
		};
		D826573E24DACB5800658C5B /* AbsaWeatherAppUITests */ = {
			isa = PBXNativeTarget;
			buildConfigurationList = D826574E24DACB5800658C5B /* Build configuration list for PBXNativeTarget "AbsaWeatherAppUITests" */;
			buildPhases = (
				D826573B24DACB5800658C5B /* Sources */,
				D826573C24DACB5800658C5B /* Frameworks */,
				D826573D24DACB5800658C5B /* Resources */,
			);
			buildRules = (
			);
			dependencies = (
				D826574124DACB5800658C5B /* PBXTargetDependency */,
			);
			name = AbsaWeatherAppUITests;
			productName = AbsaWeatherAppUITests;
			productReference = D826573F24DACB5800658C5B /* AbsaWeatherAppUITests.xctest */;
			productType = "com.apple.product-type.bundle.ui-testing";
		};
/* End PBXNativeTarget section */

/* Begin PBXProject section */
		D826571624DACB4300658C5B /* Project object */ = {
			isa = PBXProject;
			attributes = {
				LastSwiftUpdateCheck = 1110;
				LastUpgradeCheck = 1110;
				ORGANIZATIONNAME = Sibusiso;
				TargetAttributes = {
					D826571D24DACB4300658C5B = {
						CreatedOnToolsVersion = 11.1;
					};
					D826573324DACB5800658C5B = {
						CreatedOnToolsVersion = 11.1;
						TestTargetID = D826571D24DACB4300658C5B;
					};
					D826573E24DACB5800658C5B = {
						CreatedOnToolsVersion = 11.1;
						TestTargetID = D826571D24DACB4300658C5B;
					};
				};
			};
			buildConfigurationList = D826571924DACB4300658C5B /* Build configuration list for PBXProject "AbsaWeatherApp" */;
			compatibilityVersion = "Xcode 9.3";
			developmentRegion = en;
			hasScannedForEncodings = 0;
			knownRegions = (
				en,
				Base,
			);
			mainGroup = D826571524DACB4300658C5B;
			productRefGroup = D826571F24DACB4300658C5B /* Products */;
			projectDirPath = "";
			projectRoot = "";
			targets = (
				D826571D24DACB4300658C5B /* AbsaWeatherApp */,
				D826573324DACB5800658C5B /* AbsaWeatherAppTests */,
				D826573E24DACB5800658C5B /* AbsaWeatherAppUITests */,
			);
		};
/* End PBXProject section */

/* Begin PBXResourcesBuildPhase section */
		D826571C24DACB4300658C5B /* Resources */ = {
			isa = PBXResourcesBuildPhase;
			buildActionMask = 2147483647;
			files = (
				D82657A824DC2A6A00658C5B /* 01n@2x.png in Resources */,
				D82657AC24DC2A6A00658C5B /* 10n@2x.png in Resources */,
				D82657AD24DC2A6A00658C5B /* 09n@2x.png in Resources */,
				D82657A024DC2A6A00658C5B /* 13d@2x.png in Resources */,
				D82657AE24DC2A6A00658C5B /* 02d@2x.png in Resources */,
				D82657A524DC2A6A00658C5B /* 04d@2x.png in Resources */,
				D82657AA24DC2A6A00658C5B /* 02n@2x.png in Resources */,
				D826575924DAE63F00658C5B /* DetailsTableViewCell.xib in Resources */,
				D82657A424DC2A6A00658C5B /* 50d@2x.png in Resources */,
				D826572E24DACB5700658C5B /* LaunchScreen.storyboard in Resources */,
				D82657A624DC2A6A00658C5B /* 03n@2x.png in Resources */,
				D82657A124DC2A6A00658C5B /* 04n@2x.png in Resources */,
				D82657AB24DC2A6A00658C5B /* 13n@2x.png in Resources */,
				D826579E24DC2A6A00658C5B /* 11d@2x.png in Resources */,
				D82657A224DC2A6A00658C5B /* 01d@2x.png in Resources */,
				D826579D24DC2A6A00658C5B /* 03d@2x.png in Resources */,
				D82657A724DC2A6A00658C5B /* 50n@2x.png in Resources */,
				D82657A924DC2A6A00658C5B /* 09d@2x.png in Resources */,
				D826579F24DC2A6A00658C5B /* 10d@2x.png in Resources */,
				D826575524DAE5FE00658C5B /* DailyTableViewCell.xib in Resources */,
				D826572B24DACB5700658C5B /* Assets.xcassets in Resources */,
				D826572924DACB4300658C5B /* Main.storyboard in Resources */,
				D82657A324DC2A6A00658C5B /* 11n@2x.png in Resources */,
			);
			runOnlyForDeploymentPostprocessing = 0;
		};
		D826573224DACB5800658C5B /* Resources */ = {
			isa = PBXResourcesBuildPhase;
			buildActionMask = 2147483647;
			files = (
			);
			runOnlyForDeploymentPostprocessing = 0;
		};
		D826573D24DACB5800658C5B /* Resources */ = {
			isa = PBXResourcesBuildPhase;
			buildActionMask = 2147483647;
			files = (
			);
			runOnlyForDeploymentPostprocessing = 0;
		};
/* End PBXResourcesBuildPhase section */

/* Begin PBXSourcesBuildPhase section */
		D826571A24DACB4300658C5B /* Sources */ = {
			isa = PBXSourcesBuildPhase;
			buildActionMask = 2147483647;
			files = (
				D826577224DBD58600658C5B /* Coord.swift in Sources */,
				D826572624DACB4300658C5B /* ViewController.swift in Sources */,
				D826577724DBD58600658C5B /* City.swift in Sources */,
				D826577D24DBD58600658C5B /* Pod.swift in Sources */,
				D826578224DBD58600658C5B /* CurrentWeather.swift in Sources */,
				D826578024DBD58600658C5B /* CurrentSys.swift in Sources */,
				D826575C24DB6A6800658C5B /* DataRetievalService.swift in Sources */,
				D826577424DBD58600658C5B /* MainClass.swift in Sources */,
				D826577C24DBD58600658C5B /* Rain.swift in Sources */,
				D826578324DBD58600658C5B /* CurrentWeatherResponse.swift in Sources */,
				D826577E24DBD58600658C5B /* MainEnum.swift in Sources */,
				D826575824DAE63F00658C5B /* DetailsTableViewCell.swift in Sources */,
				D826578724DBDBF000658C5B /* Reachability.swift in Sources */,
				D826577F24DBD58600658C5B /* Clouds.swift in Sources */,
				D826577524DBD58600658C5B /* Sys.swift in Sources */,
				D826577A24DBD58600658C5B /* WeatherFocustResponse.swift in Sources */,
				D826578524DBD92B00658C5B /* ServiceResponseProtocol.swift in Sources */,
				D826577624DBD58600658C5B /* Description.swift in Sources */,
				D826577824DBD58600658C5B /* Weather.swift in Sources */,
				D82657B224DD365500658C5B /* DailyWeatherForecast.swift in Sources */,
				D826577B24DBD58600658C5B /* Main.swift in Sources */,
				D826577924DBD58600658C5B /* Wind.swift in Sources */,
				D826578924DBE18700658C5B /* ConvertorService.swift in Sources */,
				D826578124DBD58600658C5B /* ViewDataProperties.swift in Sources */,
				D826575424DAE5FE00658C5B /* DailyTableViewCell.swift in Sources */,
				D826572224DACB4300658C5B /* AppDelegate.swift in Sources */,
				D826572424DACB4300658C5B /* SceneDelegate.swift in Sources */,
				D826577324DBD58600658C5B /* WeatherForecast.swift in Sources */,
			);
			runOnlyForDeploymentPostprocessing = 0;
		};
		D826573024DACB5800658C5B /* Sources */ = {
			isa = PBXSourcesBuildPhase;
			buildActionMask = 2147483647;
			files = (
				D826573924DACB5800658C5B /* AbsaWeatherAppTests.swift in Sources */,
			);
			runOnlyForDeploymentPostprocessing = 0;
		};
		D826573B24DACB5800658C5B /* Sources */ = {
			isa = PBXSourcesBuildPhase;
			buildActionMask = 2147483647;
			files = (
				D826574424DACB5800658C5B /* AbsaWeatherAppUITests.swift in Sources */,
			);
			runOnlyForDeploymentPostprocessing = 0;
		};
/* End PBXSourcesBuildPhase section */

/* Begin PBXTargetDependency section */
		D826573624DACB5800658C5B /* PBXTargetDependency */ = {
			isa = PBXTargetDependency;
			target = D826571D24DACB4300658C5B /* AbsaWeatherApp */;
			targetProxy = D826573524DACB5800658C5B /* PBXContainerItemProxy */;
		};
		D826574124DACB5800658C5B /* PBXTargetDependency */ = {
			isa = PBXTargetDependency;
			target = D826571D24DACB4300658C5B /* AbsaWeatherApp */;
			targetProxy = D826574024DACB5800658C5B /* PBXContainerItemProxy */;
		};
/* End PBXTargetDependency section */

/* Begin PBXVariantGroup section */
		D826572724DACB4300658C5B /* Main.storyboard */ = {
			isa = PBXVariantGroup;
			children = (
				D826572824DACB4300658C5B /* Base */,
			);
			name = Main.storyboard;
			sourceTree = "<group>";
		};
		D826572C24DACB5700658C5B /* LaunchScreen.storyboard */ = {
			isa = PBXVariantGroup;
			children = (
				D826572D24DACB5700658C5B /* Base */,
			);
			name = LaunchScreen.storyboard;
			sourceTree = "<group>";
		};
/* End PBXVariantGroup section */

/* Begin XCBuildConfiguration section */
		D826574624DACB5800658C5B /* Debug */ = {
			isa = XCBuildConfiguration;
			buildSettings = {
				ALWAYS_SEARCH_USER_PATHS = NO;
				CLANG_ANALYZER_NONNULL = YES;
				CLANG_ANALYZER_NUMBER_OBJECT_CONVERSION = YES_AGGRESSIVE;
				CLANG_CXX_LANGUAGE_STANDARD = "gnu++14";
				CLANG_CXX_LIBRARY = "libc++";
				CLANG_ENABLE_MODULES = YES;
				CLANG_ENABLE_OBJC_ARC = YES;
				CLANG_ENABLE_OBJC_WEAK = YES;
				CLANG_WARN_BLOCK_CAPTURE_AUTORELEASING = YES;
				CLANG_WARN_BOOL_CONVERSION = YES;
				CLANG_WARN_COMMA = YES;
				CLANG_WARN_CONSTANT_CONVERSION = YES;
				CLANG_WARN_DEPRECATED_OBJC_IMPLEMENTATIONS = YES;
				CLANG_WARN_DIRECT_OBJC_ISA_USAGE = YES_ERROR;
				CLANG_WARN_DOCUMENTATION_COMMENTS = YES;
				CLANG_WARN_EMPTY_BODY = YES;
				CLANG_WARN_ENUM_CONVERSION = YES;
				CLANG_WARN_INFINITE_RECURSION = YES;
				CLANG_WARN_INT_CONVERSION = YES;
				CLANG_WARN_NON_LITERAL_NULL_CONVERSION = YES;
				CLANG_WARN_OBJC_IMPLICIT_RETAIN_SELF = YES;
				CLANG_WARN_OBJC_LITERAL_CONVERSION = YES;
				CLANG_WARN_OBJC_ROOT_CLASS = YES_ERROR;
				CLANG_WARN_RANGE_LOOP_ANALYSIS = YES;
				CLANG_WARN_STRICT_PROTOTYPES = YES;
				CLANG_WARN_SUSPICIOUS_MOVE = YES;
				CLANG_WARN_UNGUARDED_AVAILABILITY = YES_AGGRESSIVE;
				CLANG_WARN_UNREACHABLE_CODE = YES;
				CLANG_WARN__DUPLICATE_METHOD_MATCH = YES;
				COPY_PHASE_STRIP = NO;
				DEBUG_INFORMATION_FORMAT = dwarf;
				ENABLE_STRICT_OBJC_MSGSEND = YES;
				ENABLE_TESTABILITY = YES;
				GCC_C_LANGUAGE_STANDARD = gnu11;
				GCC_DYNAMIC_NO_PIC = NO;
				GCC_NO_COMMON_BLOCKS = YES;
				GCC_OPTIMIZATION_LEVEL = 0;
				GCC_PREPROCESSOR_DEFINITIONS = (
					"DEBUG=1",
					"$(inherited)",
				);
				GCC_WARN_64_TO_32_BIT_CONVERSION = YES;
				GCC_WARN_ABOUT_RETURN_TYPE = YES_ERROR;
				GCC_WARN_UNDECLARED_SELECTOR = YES;
				GCC_WARN_UNINITIALIZED_AUTOS = YES_AGGRESSIVE;
				GCC_WARN_UNUSED_FUNCTION = YES;
				GCC_WARN_UNUSED_VARIABLE = YES;
				IPHONEOS_DEPLOYMENT_TARGET = 13.1;
				MTL_ENABLE_DEBUG_INFO = INCLUDE_SOURCE;
				MTL_FAST_MATH = YES;
				ONLY_ACTIVE_ARCH = YES;
				SDKROOT = iphoneos;
				SWIFT_ACTIVE_COMPILATION_CONDITIONS = DEBUG;
				SWIFT_OPTIMIZATION_LEVEL = "-Onone";
			};
			name = Debug;
		};
		D826574724DACB5800658C5B /* Release */ = {
			isa = XCBuildConfiguration;
			buildSettings = {
				ALWAYS_SEARCH_USER_PATHS = NO;
				CLANG_ANALYZER_NONNULL = YES;
				CLANG_ANALYZER_NUMBER_OBJECT_CONVERSION = YES_AGGRESSIVE;
				CLANG_CXX_LANGUAGE_STANDARD = "gnu++14";
				CLANG_CXX_LIBRARY = "libc++";
				CLANG_ENABLE_MODULES = YES;
				CLANG_ENABLE_OBJC_ARC = YES;
				CLANG_ENABLE_OBJC_WEAK = YES;
				CLANG_WARN_BLOCK_CAPTURE_AUTORELEASING = YES;
				CLANG_WARN_BOOL_CONVERSION = YES;
				CLANG_WARN_COMMA = YES;
				CLANG_WARN_CONSTANT_CONVERSION = YES;
				CLANG_WARN_DEPRECATED_OBJC_IMPLEMENTATIONS = YES;
				CLANG_WARN_DIRECT_OBJC_ISA_USAGE = YES_ERROR;
				CLANG_WARN_DOCUMENTATION_COMMENTS = YES;
				CLANG_WARN_EMPTY_BODY = YES;
				CLANG_WARN_ENUM_CONVERSION = YES;
				CLANG_WARN_INFINITE_RECURSION = YES;
				CLANG_WARN_INT_CONVERSION = YES;
				CLANG_WARN_NON_LITERAL_NULL_CONVERSION = YES;
				CLANG_WARN_OBJC_IMPLICIT_RETAIN_SELF = YES;
				CLANG_WARN_OBJC_LITERAL_CONVERSION = YES;
				CLANG_WARN_OBJC_ROOT_CLASS = YES_ERROR;
				CLANG_WARN_RANGE_LOOP_ANALYSIS = YES;
				CLANG_WARN_STRICT_PROTOTYPES = YES;
				CLANG_WARN_SUSPICIOUS_MOVE = YES;
				CLANG_WARN_UNGUARDED_AVAILABILITY = YES_AGGRESSIVE;
				CLANG_WARN_UNREACHABLE_CODE = YES;
				CLANG_WARN__DUPLICATE_METHOD_MATCH = YES;
				COPY_PHASE_STRIP = NO;
				DEBUG_INFORMATION_FORMAT = "dwarf-with-dsym";
				ENABLE_NS_ASSERTIONS = NO;
				ENABLE_STRICT_OBJC_MSGSEND = YES;
				GCC_C_LANGUAGE_STANDARD = gnu11;
				GCC_NO_COMMON_BLOCKS = YES;
				GCC_WARN_64_TO_32_BIT_CONVERSION = YES;
				GCC_WARN_ABOUT_RETURN_TYPE = YES_ERROR;
				GCC_WARN_UNDECLARED_SELECTOR = YES;
				GCC_WARN_UNINITIALIZED_AUTOS = YES_AGGRESSIVE;
				GCC_WARN_UNUSED_FUNCTION = YES;
				GCC_WARN_UNUSED_VARIABLE = YES;
				IPHONEOS_DEPLOYMENT_TARGET = 13.1;
				MTL_ENABLE_DEBUG_INFO = NO;
				MTL_FAST_MATH = YES;
				SDKROOT = iphoneos;
				SWIFT_COMPILATION_MODE = wholemodule;
				SWIFT_OPTIMIZATION_LEVEL = "-O";
				VALIDATE_PRODUCT = YES;
			};
			name = Release;
		};
		D826574924DACB5800658C5B /* Debug */ = {
			isa = XCBuildConfiguration;
			buildSettings = {
				ASSETCATALOG_COMPILER_APPICON_NAME = AppIcon;
				CODE_SIGN_STYLE = Automatic;
				INFOPLIST_FILE = AbsaWeatherApp/Info.plist;
				LD_RUNPATH_SEARCH_PATHS = (
					"$(inherited)",
					"@executable_path/Frameworks",
				);
				PRODUCT_BUNDLE_IDENTIFIER = Sibisi.AbsaWeatherApp;
				PRODUCT_NAME = "$(TARGET_NAME)";
				SWIFT_VERSION = 5.0;
				TARGETED_DEVICE_FAMILY = "1,2";
			};
			name = Debug;
		};
		D826574A24DACB5800658C5B /* Release */ = {
			isa = XCBuildConfiguration;
			buildSettings = {
				ASSETCATALOG_COMPILER_APPICON_NAME = AppIcon;
				CODE_SIGN_STYLE = Automatic;
				INFOPLIST_FILE = AbsaWeatherApp/Info.plist;
				LD_RUNPATH_SEARCH_PATHS = (
					"$(inherited)",
					"@executable_path/Frameworks",
				);
				PRODUCT_BUNDLE_IDENTIFIER = Sibisi.AbsaWeatherApp;
				PRODUCT_NAME = "$(TARGET_NAME)";
				SWIFT_VERSION = 5.0;
				TARGETED_DEVICE_FAMILY = "1,2";
			};
			name = Release;
		};
		D826574C24DACB5800658C5B /* Debug */ = {
			isa = XCBuildConfiguration;
			buildSettings = {
				ALWAYS_EMBED_SWIFT_STANDARD_LIBRARIES = YES;
				BUNDLE_LOADER = "$(TEST_HOST)";
				CODE_SIGN_STYLE = Automatic;
				INFOPLIST_FILE = AbsaWeatherAppTests/Info.plist;
				IPHONEOS_DEPLOYMENT_TARGET = 13.1;
				LD_RUNPATH_SEARCH_PATHS = (
					"$(inherited)",
					"@executable_path/Frameworks",
					"@loader_path/Frameworks",
				);
				PRODUCT_BUNDLE_IDENTIFIER = Sibisi.AbsaWeatherAppTests;
				PRODUCT_NAME = "$(TARGET_NAME)";
				SWIFT_VERSION = 5.0;
				TARGETED_DEVICE_FAMILY = "1,2";
				TEST_HOST = "$(BUILT_PRODUCTS_DIR)/AbsaWeatherApp.app/AbsaWeatherApp";
			};
			name = Debug;
		};
		D826574D24DACB5800658C5B /* Release */ = {
			isa = XCBuildConfiguration;
			buildSettings = {
				ALWAYS_EMBED_SWIFT_STANDARD_LIBRARIES = YES;
				BUNDLE_LOADER = "$(TEST_HOST)";
				CODE_SIGN_STYLE = Automatic;
				INFOPLIST_FILE = AbsaWeatherAppTests/Info.plist;
				IPHONEOS_DEPLOYMENT_TARGET = 13.1;
				LD_RUNPATH_SEARCH_PATHS = (
					"$(inherited)",
					"@executable_path/Frameworks",
					"@loader_path/Frameworks",
				);
				PRODUCT_BUNDLE_IDENTIFIER = Sibisi.AbsaWeatherAppTests;
				PRODUCT_NAME = "$(TARGET_NAME)";
				SWIFT_VERSION = 5.0;
				TARGETED_DEVICE_FAMILY = "1,2";
				TEST_HOST = "$(BUILT_PRODUCTS_DIR)/AbsaWeatherApp.app/AbsaWeatherApp";
			};
			name = Release;
		};
		D826574F24DACB5800658C5B /* Debug */ = {
			isa = XCBuildConfiguration;
			buildSettings = {
				ALWAYS_EMBED_SWIFT_STANDARD_LIBRARIES = YES;
				CODE_SIGN_STYLE = Automatic;
				INFOPLIST_FILE = AbsaWeatherAppUITests/Info.plist;
				LD_RUNPATH_SEARCH_PATHS = (
					"$(inherited)",
					"@executable_path/Frameworks",
					"@loader_path/Frameworks",
				);
				PRODUCT_BUNDLE_IDENTIFIER = Sibisi.AbsaWeatherAppUITests;
				PRODUCT_NAME = "$(TARGET_NAME)";
				SWIFT_VERSION = 5.0;
				TARGETED_DEVICE_FAMILY = "1,2";
				TEST_TARGET_NAME = AbsaWeatherApp;
			};
			name = Debug;
		};
		D826575024DACB5800658C5B /* Release */ = {
			isa = XCBuildConfiguration;
			buildSettings = {
				ALWAYS_EMBED_SWIFT_STANDARD_LIBRARIES = YES;
				CODE_SIGN_STYLE = Automatic;
				INFOPLIST_FILE = AbsaWeatherAppUITests/Info.plist;
				LD_RUNPATH_SEARCH_PATHS = (
					"$(inherited)",
					"@executable_path/Frameworks",
					"@loader_path/Frameworks",
				);
				PRODUCT_BUNDLE_IDENTIFIER = Sibisi.AbsaWeatherAppUITests;
				PRODUCT_NAME = "$(TARGET_NAME)";
				SWIFT_VERSION = 5.0;
				TARGETED_DEVICE_FAMILY = "1,2";
				TEST_TARGET_NAME = AbsaWeatherApp;
			};
			name = Release;
		};
/* End XCBuildConfiguration section */

/* Begin XCConfigurationList section */
		D826571924DACB4300658C5B /* Build configuration list for PBXProject "AbsaWeatherApp" */ = {
			isa = XCConfigurationList;
			buildConfigurations = (
				D826574624DACB5800658C5B /* Debug */,
				D826574724DACB5800658C5B /* Release */,
			);
			defaultConfigurationIsVisible = 0;
			defaultConfigurationName = Release;
		};
		D826574824DACB5800658C5B /* Build configuration list for PBXNativeTarget "AbsaWeatherApp" */ = {
			isa = XCConfigurationList;
			buildConfigurations = (
				D826574924DACB5800658C5B /* Debug */,
				D826574A24DACB5800658C5B /* Release */,
			);
			defaultConfigurationIsVisible = 0;
			defaultConfigurationName = Release;
		};
		D826574B24DACB5800658C5B /* Build configuration list for PBXNativeTarget "AbsaWeatherAppTests" */ = {
			isa = XCConfigurationList;
			buildConfigurations = (
				D826574C24DACB5800658C5B /* Debug */,
				D826574D24DACB5800658C5B /* Release */,
			);
			defaultConfigurationIsVisible = 0;
			defaultConfigurationName = Release;
		};
		D826574E24DACB5800658C5B /* Build configuration list for PBXNativeTarget "AbsaWeatherAppUITests" */ = {
			isa = XCConfigurationList;
			buildConfigurations = (
				D826574F24DACB5800658C5B /* Debug */,
				D826575024DACB5800658C5B /* Release */,
			);
			defaultConfigurationIsVisible = 0;
			defaultConfigurationName = Release;
		};
/* End XCConfigurationList section */
	};
	rootObject = D826571624DACB4300658C5B /* Project object */;
}
